
Microsoft Visual Studio Solution File, Format Version 12.00
# Visual Studio Version 17
VisualStudioVersion = 17.4.33403.182
MinimumVisualStudioVersion = 10.0.40219.1
Project("{FAE04EC0-301F-11D3-BF4B-00C04F79EFBC}") = "Pointer", "Pointer\Pointer.csproj", "{246FBB33-9638-4EF6-A592-217D8603BDCA}"
EndProject
Global
	GlobalSection(SolutionConfigurationPlatforms) = preSolution
		Debug|Any CPU = Debug|Any CPU
		Release|Any CPU = Release|Any CPU
	EndGlobalSection
	GlobalSection(ProjectConfigurationPlatforms) = postSolution
		{246FBB33-9638-4EF6-A592-217D8603BDCA}.Debug|Any CPU.ActiveCfg = Debug|Any CPU
		{246FBB33-9638-4EF6-A592-217D8603BDCA}.Debug|Any CPU.Build.0 = Debug|Any CPU
		{246FBB33-9638-4EF6-A592-217D8603BDCA}.Release|Any CPU.ActiveCfg = Release|Any CPU
		{246FBB33-9638-4EF6-A592-217D8603BDCA}.Release|Any CPU.Build.0 = Release|Any CPU
	EndGlobalSection
	GlobalSection(SolutionProperties) = preSolution
		HideSolutionNode = FALSE
	EndGlobalSection
	GlobalSection(ExtensibilityGlobals) = postSolution
		SolutionGuid = {33707F17-9A51-4494-BDEA-2CBB696568DD}
	EndGlobalSection
EndGlobal
